
Microsoft Visual Studio Solution File, Format Version 12.00
# Visual Studio Version 17
VisualStudioVersion = 17.0.31903.59
MinimumVisualStudioVersion = 10.0.40219.1
Project("{2150E333-8FDC-42A3-9474-1A3956D46DE8}") = "Gateway", "Gateway", "{1CDD216C-64CF-4EA3-AA8C-83993337D872}"
EndProject
Project("{9A19103F-16F7-4668-BE54-9A1E7A4F7556}") = "Gateway.Api", "Gateway\Gateway.Api\Gateway.Api.csproj", "{7BE0686F-2653-4947-9E0A-12AC299ACEA9}"
EndProject
Project("{2150E333-8FDC-42A3-9474-1A3956D46DE8}") = "HuppyService", "HuppyService", "{478F934F-E2B9-4A07-A6AD-C482F174E80A}"
EndProject
Project("{9A19103F-16F7-4668-BE54-9A1E7A4F7556}") = "HuppyService.Service", "HuppyService\HuppyService.Service\HuppyService.Service.csproj", "{0E63AA9F-116E-40DB-AC1F-21B51B322F94}"
EndProject
Project("{FAE04EC0-301F-11D3-BF4B-00C04F79EFBC}") = "HuppyService.Infrastructure", "HuppyService\HuppyService.Infrastructure\HuppyService.Infrastructure.csproj", "{E330C21B-3443-4DD0-8313-34777CD4BD11}"
EndProject
Project("{FAE04EC0-301F-11D3-BF4B-00C04F79EFBC}") = "HuppyService.Kernel", "HuppyService\HuppyService.Kernel\HuppyService.Kernel.csproj", "{E376D7A3-F2FE-4ABD-9FAD-9024E606AC29}"
EndProject
Global
	GlobalSection(SolutionConfigurationPlatforms) = preSolution
		Debug|Any CPU = Debug|Any CPU
		Release|Any CPU = Release|Any CPU
	EndGlobalSection
	GlobalSection(ProjectConfigurationPlatforms) = postSolution
		{7BE0686F-2653-4947-9E0A-12AC299ACEA9}.Debug|Any CPU.ActiveCfg = Debug|Any CPU
		{7BE0686F-2653-4947-9E0A-12AC299ACEA9}.Debug|Any CPU.Build.0 = Debug|Any CPU
		{7BE0686F-2653-4947-9E0A-12AC299ACEA9}.Release|Any CPU.ActiveCfg = Release|Any CPU
		{7BE0686F-2653-4947-9E0A-12AC299ACEA9}.Release|Any CPU.Build.0 = Release|Any CPU
		{0E63AA9F-116E-40DB-AC1F-21B51B322F94}.Debug|Any CPU.ActiveCfg = Debug|Any CPU
		{0E63AA9F-116E-40DB-AC1F-21B51B322F94}.Debug|Any CPU.Build.0 = Debug|Any CPU
		{0E63AA9F-116E-40DB-AC1F-21B51B322F94}.Release|Any CPU.ActiveCfg = Release|Any CPU
		{0E63AA9F-116E-40DB-AC1F-21B51B322F94}.Release|Any CPU.Build.0 = Release|Any CPU
		{E330C21B-3443-4DD0-8313-34777CD4BD11}.Debug|Any CPU.ActiveCfg = Debug|Any CPU
		{E330C21B-3443-4DD0-8313-34777CD4BD11}.Debug|Any CPU.Build.0 = Debug|Any CPU
		{E330C21B-3443-4DD0-8313-34777CD4BD11}.Release|Any CPU.ActiveCfg = Release|Any CPU
		{E330C21B-3443-4DD0-8313-34777CD4BD11}.Release|Any CPU.Build.0 = Release|Any CPU
		{E376D7A3-F2FE-4ABD-9FAD-9024E606AC29}.Debug|Any CPU.ActiveCfg = Debug|Any CPU
		{E376D7A3-F2FE-4ABD-9FAD-9024E606AC29}.Debug|Any CPU.Build.0 = Debug|Any CPU
		{E376D7A3-F2FE-4ABD-9FAD-9024E606AC29}.Release|Any CPU.ActiveCfg = Release|Any CPU
		{E376D7A3-F2FE-4ABD-9FAD-9024E606AC29}.Release|Any CPU.Build.0 = Release|Any CPU
	EndGlobalSection
	GlobalSection(SolutionProperties) = preSolution
		HideSolutionNode = FALSE
	EndGlobalSection
	GlobalSection(NestedProjects) = preSolution
		{7BE0686F-2653-4947-9E0A-12AC299ACEA9} = {1CDD216C-64CF-4EA3-AA8C-83993337D872}
		{0E63AA9F-116E-40DB-AC1F-21B51B322F94} = {478F934F-E2B9-4A07-A6AD-C482F174E80A}
		{E330C21B-3443-4DD0-8313-34777CD4BD11} = {478F934F-E2B9-4A07-A6AD-C482F174E80A}
		{E376D7A3-F2FE-4ABD-9FAD-9024E606AC29} = {478F934F-E2B9-4A07-A6AD-C482F174E80A}
	EndGlobalSection
	GlobalSection(ExtensibilityGlobals) = postSolution
		SolutionGuid = {2FDA4D15-FE50-4802-8176-9F2101A52F15}
	EndGlobalSection
EndGlobal
